{
  "requires": true,
  "lockfileVersion": 1,
  "dependencies": {
    "vee-validate": {
      "version": "3.2.3",
      "resolved": "https://registry.npmjs.org/vee-validate/-/vee-validate-3.2.3.tgz",
      "integrity": "sha512-OZmFQ25x0rzwH/Ockb1UZUjSNh4zzsZqMMUKjWyxv3AkIc2CB8D189iey7yXmSY9km2qMTYHn6F+Bcd3kvq82Q=="
    }
  }
}
